{
  "originHash" : "1299735cf5953086f977e465ed8fbd8efae67129992b979462f68d933745ea6b",
  "pins" : [
    {
      "identity" : "vlckit",
      "kind" : "remoteSourceControl",
      "location" : "https://github.com/videolan/vlckit",
      "state" : {
        "revision" : "440dc1df19d181b500ae414762671701d192bcf8"
      }
    }
  ],
  "version" : 3
}
