// !$*UTF8*$!
{
	archiveVersion = 1;
	classes = {
	};
	objectVersion = 110;
	objects = {

/* Begin PBXContainerItemProxy section */
		158194F03067306B00A28BEA /* PBXContainerItemProxy */ = {
			isa = PBXContainerItemProxy;
			containerPortal = 158194DA3067306A00A28BEA /* Project object */;
			proxyType = 1;
			remoteGlobalIDString = 158194E13067306A00A28BEA;
			remoteInfo = kanstrimi;
		};
		158194FA3067306B00A28BEA /* PBXContainerItemProxy */ = {
			isa = PBXContainerItemProxy;
			containerPortal = 158194DA3067306A00A28BEA /* Project object */;
			proxyType = 1;
			remoteGlobalIDString = 158194E13067306A00A28BEA;
			remoteInfo = kanstrimi;
		};
/* End PBXContainerItemProxy section */

/* Begin PBXFileReference section */
		158194E23067306A00A28BEA /* kanstrimi.app */ = {isa = PBXFileReference; explicitFileType = wrapper.application; includeInIndex = 0; path = kanstrimi.app; sourceTree = BUILT_PRODUCTS_DIR; };
		158194EF3067306B00A28BEA /* kanstrimiTests.xctest */ = {isa = PBXFileReference; explicitFileType = wrapper.cfbundle; includeInIndex = 0; path = kanstrimiTests.xctest; sourceTree = BUILT_PRODUCTS_DIR; };
		158194F93067306B00A28BEA /* kanstrimiUITests.xctest */ = {isa = PBXFileReference; explicitFileType = wrapper.cfbundle; includeInIndex = 0; path = kanstrimiUITests.xctest; sourceTree = BUILT_PRODUCTS_DIR; };
/* End PBXFileReference section */

/* Begin PBXFileSystemSynchronizedRootGroup section */
		158194E43067306A00A28BEA /* kanstrimi */ = {
			isa = PBXFileSystemSynchronizedRootGroup;
			path = kanstrimi;
			sourceTree = "<group>";
		};
		158194F23067306B00A28BEA /* kanstrimiTests */ = {
			isa = PBXFileSystemSynchronizedRootGroup;
			path = kanstrimiTests;
			sourceTree = "<group>";
		};
		158194FC3067306B00A28BEA /* kanstrimiUITests */ = {
			isa = PBXFileSystemSynchronizedRootGroup;
			path = kanstrimiUITests;
			sourceTree = "<group>";
		};
/* End PBXFileSystemSynchronizedRootGroup section */

/* Begin PBXFrameworksBuildPhase section */
		158194DF3067306A00A28BEA /* Frameworks */ = {
			isa = PBXFrameworksBuildPhase;
			files = (
			);
		};
		158194EC3067306B00A28BEA /* Frameworks */ = {
			isa = PBXFrameworksBuildPhase;
			files = (
			);
		};
		158194F63067306B00A28BEA /* Frameworks */ = {
			isa = PBXFrameworksBuildPhase;
			files = (
			);
		};
/* End PBXFrameworksBuildPhase section */

/* Begin PBXGroup section */
		158194D93067306A00A28BEA = {
			isa = PBXGroup;
			children = (
				158194E43067306A00A28BEA /* kanstrimi */,
				158194F23067306B00A28BEA /* kanstrimiTests */,
				158194FC3067306B00A28BEA /* kanstrimiUITests */,
				158194E33067306A00A28BEA /* Products */,
			);
			sourceTree = "<group>";
		};
		158194E33067306A00A28BEA /* Products */ = {
			isa = PBXGroup;
			children = (
				158194E23067306A00A28BEA /* kanstrimi.app */,
				158194EF3067306B00A28BEA /* kanstrimiTests.xctest */,
				158194F93067306B00A28BEA /* kanstrimiUITests.xctest */,
			);
			name = Products;
			sourceTree = "<group>";
		};
/* End PBXGroup section */

/* Begin PBXNativeTarget section */
		158194E13067306A00A28BEA /* kanstrimi */ = {
			isa = PBXNativeTarget;
			buildConfigurationList = 158195013067306B00A28BEA /* Build configuration list for PBXNativeTarget "kanstrimi" */;
			buildPhases = (
				158194DE3067306A00A28BEA /* Sources */,
				158194DF3067306A00A28BEA /* Frameworks */,
				158194E03067306A00A28BEA /* Resources */,
			);
			buildRules = (
			);
			fileSystemSynchronizedGroups = (
				158194E43067306A00A28BEA /* kanstrimi */,
			);
			name = kanstrimi;
			productName = kanstrimi;
			productReference = 158194E23067306A00A28BEA /* kanstrimi.app */;
			productType = "com.apple.product-type.application";
		};
		158194EE3067306B00A28BEA /* kanstrimiTests */ = {
			isa = PBXNativeTarget;
			buildConfigurationList = 158195043067306B00A28BEA /* Build configuration list for PBXNativeTarget "kanstrimiTests" */;
			buildPhases = (
				158194EB3067306B00A28BEA /* Sources */,
				158194EC3067306B00A28BEA /* Frameworks */,
				158194ED3067306B00A28BEA /* Resources */,
			);
			buildRules = (
			);
			dependencies = (
				158194F13067306B00A28BEA /* PBXTargetDependency */,
			);
			fileSystemSynchronizedGroups = (
				158194F23067306B00A28BEA /* kanstrimiTests */,
			);
			name = kanstrimiTests;
			productName = kanstrimiTests;
			productReference = 158194EF3067306B00A28BEA /* kanstrimiTests.xctest */;
			productType = "com.apple.product-type.bundle.unit-test";
		};
		158194F83067306B00A28BEA /* kanstrimiUITests */ = {
			isa = PBXNativeTarget;
			buildConfigurationList = 158195073067306B00A28BEA /* Build configuration list for PBXNativeTarget "kanstrimiUITests" */;
			buildPhases = (
				158194F53067306B00A28BEA /* Sources */,
				158194F63067306B00A28BEA /* Frameworks */,
				158194F73067306B00A28BEA /* Resources */,
			);
			buildRules = (
			);
			dependencies = (
				158194FB3067306B00A28BEA /* PBXTargetDependency */,
			);
			fileSystemSynchronizedGroups = (
				158194FC3067306B00A28BEA /* kanstrimiUITests */,
			);
			name = kanstrimiUITests;
			productName = kanstrimiUITests;
			productReference = 158194F93067306B00A28BEA /* kanstrimiUITests.xctest */;
			productType = "com.apple.product-type.bundle.ui-testing";
		};
/* End PBXNativeTarget section */

/* Begin PBXProject section */
		158194DA3067306A00A28BEA /* Project object */ = {
			isa = PBXProject;
			attributes = {
				BuildIndependentTargetsInParallel = 1;
				LastSwiftUpdateCheck = 2700;
				LastUpgradeCheck = 2700;
				TargetAttributes = {
					158194E13067306A00A28BEA = {
						CreatedOnToolsVersion = 27.0;
					};
					158194EE3067306B00A28BEA = {
						CreatedOnToolsVersion = 27.0;
						TestTargetID = 158194E13067306A00A28BEA;
					};
					158194F83067306B00A28BEA = {
						CreatedOnToolsVersion = 27.0;
						TestTargetID = 158194E13067306A00A28BEA;
					};
				};
			};
			buildConfigurationList = 158194DD3067306A00A28BEA /* Build configuration list for PBXProject "kanstrimi" */;
			developmentRegion = en;
			hasScannedForEncodings = 0;
			knownRegions = (
				en,
				Base,
			);
			mainGroup = 158194D93067306A00A28BEA;
			minimizedProjectReferenceProxies = 1;
			preferredProjectObjectVersion = 77;
			productRefGroup = 158194E33067306A00A28BEA /* Products */;
			projectDirPath = "";
			projectRoot = "";
			targets = (
				158194E13067306A00A28BEA /* kanstrimi */,
				158194EE3067306B00A28BEA /* kanstrimiTests */,
				158194F83067306B00A28BEA /* kanstrimiUITests */,
			);
		};
/* End PBXProject section */

/* Begin PBXResourcesBuildPhase section */
		158194E03067306A00A28BEA /* Resources */ = {
			isa = PBXResourcesBuildPhase;
			files = (
			);
		};
		158194ED3067306B00A28BEA /* Resources */ = {
			isa = PBXResourcesBuildPhase;
			files = (
			);
		};
		158194F73067306B00A28BEA /* Resources */ = {
			isa = PBXResourcesBuildPhase;
			files = (
			);
		};
/* End PBXResourcesBuildPhase section */

/* Begin PBXSourcesBuildPhase section */
		158194DE3067306A00A28BEA /* Sources */ = {
			isa = PBXSourcesBuildPhase;
			files = (
			);
		};
		158194EB3067306B00A28BEA /* Sources */ = {
			isa = PBXSourcesBuildPhase;
			files = (
			);
		};
		158194F53067306B00A28BEA /* Sources */ = {
			isa = PBXSourcesBuildPhase;
			files = (
			);
		};
/* End PBXSourcesBuildPhase section */

/* Begin PBXTargetDependency section */
		158194F13067306B00A28BEA /* PBXTargetDependency */ = {
			isa = PBXTargetDependency;
			target = 158194E13067306A00A28BEA /* kanstrimi */;
			targetProxy = 158194F03067306B00A28BEA /* PBXContainerItemProxy */;
		};
		158194FB3067306B00A28BEA /* PBXTargetDependency */ = {
			isa = PBXTargetDependency;
			target = 158194E13067306A00A28BEA /* kanstrimi */;
			targetProxy = 158194FA3067306B00A28BEA /* PBXContainerItemProxy */;
		};
/* End PBXTargetDependency section */

/* Begin XCBuildConfiguration section */
		158194FF3067306B00A28BEA /* Debug configuration for PBXProject "kanstrimi" */ = {
			isa = XCBuildConfiguration;
			buildSettings = {
				ALWAYS_SEARCH_USER_PATHS = NO;
				ASSETCATALOG_COMPILER_GENERATE_SWIFT_ASSET_SYMBOL_EXTENSIONS = YES;
				CLANG_ANALYZER_NONNULL = YES;
				CLANG_ANALYZER_NUMBER_OBJECT_CONVERSION = YES_AGGRESSIVE;
				CLANG_CXX_LANGUAGE_STANDARD = "gnu++20";
				CLANG_ENABLE_MODULES = YES;
				CLANG_ENABLE_OBJC_ARC = YES;
				CLANG_ENABLE_OBJC_WEAK = YES;
				CLANG_WARN_BLOCK_CAPTURE_AUTORELEASING = YES;
				CLANG_WARN_BOOL_CONVERSION = YES;
				CLANG_WARN_COMMA = YES;
				CLANG_WARN_CONSTANT_CONVERSION = YES;
				CLANG_WARN_DEPRECATED_OBJC_IMPLEMENTATIONS = YES;
				CLANG_WARN_DIRECT_OBJC_ISA_USAGE = YES_ERROR;
				CLANG_WARN_DOCUMENTATION_COMMENTS = YES;
				CLANG_WARN_EMPTY_BODY = YES;
				CLANG_WARN_ENUM_CONVERSION = YES;
				CLANG_WARN_INFINITE_RECURSION = YES;
				CLANG_WARN_INT_CONVERSION = YES;
				CLANG_WARN_NON_LITERAL_NULL_CONVERSION = YES;
				CLANG_WARN_OBJC_IMPLICIT_RETAIN_SELF = YES;
				CLANG_WARN_OBJC_LITERAL_CONVERSION = YES;
				CLANG_WARN_OBJC_ROOT_CLASS = YES_ERROR;
				CLANG_WARN_QUOTED_INCLUDE_IN_FRAMEWORK_HEADER = YES;
				CLANG_WARN_RANGE_LOOP_ANALYSIS = YES;
				CLANG_WARN_STRICT_PROTOTYPES = YES;
				CLANG_WARN_SUSPICIOUS_MOVE = YES;
				CLANG_WARN_UNGUARDED_AVAILABILITY = YES_AGGRESSIVE;
				CLANG_WARN_UNREACHABLE_CODE = YES;
				CLANG_WARN__DUPLICATE_METHOD_MATCH = YES;
				COPY_PHASE_STRIP = NO;
				DEBUG_INFORMATION_FORMAT = dwarf;
				DEVELOPMENT_TEAM = H6PDBN2THG;
				ENABLE_STRICT_OBJC_MSGSEND = YES;
				ENABLE_TESTABILITY = YES;
				ENABLE_USER_SCRIPT_SANDBOXING = YES;
				GCC_C_LANGUAGE_STANDARD = gnu17;
				GCC_DYNAMIC_NO_PIC = NO;
				GCC_NO_COMMON_BLOCKS = YES;
				GCC_OPTIMIZATION_LEVEL = 0;
				GCC_PREPROCESSOR_DEFINITIONS = (
					"DEBUG=1",
					"$(inherited)",
				);
				GCC_WARN_64_TO_32_BIT_CONVERSION = YES;
				GCC_WARN_ABOUT_RETURN_TYPE = YES_ERROR;
				GCC_WARN_UNDECLARED_SELECTOR = YES;
				GCC_WARN_UNINITIALIZED_AUTOS = YES_AGGRESSIVE;
				GCC_WARN_UNUSED_FUNCTION = YES;
				GCC_WARN_UNUSED_VARIABLE = YES;
				LOCALIZATION_PREFERS_STRING_CATALOGS = YES;
				MTL_ENABLE_DEBUG_INFO = INCLUDE_SOURCE;
				MTL_FAST_MATH = YES;
				ONLY_ACTIVE_ARCH = YES;
				SDKROOT = appletvos;
				SWIFT_ACTIVE_COMPILATION_CONDITIONS = "DEBUG $(inherited)";
				SWIFT_OPTIMIZATION_LEVEL = "-Onone";
				TVOS_DEPLOYMENT_TARGET = 27.0;
			};
			name = Debug;
		};
		158195003067306B00A28BEA /* Release configuration for PBXProject "kanstrimi" */ = {
			isa = XCBuildConfiguration;
			buildSettings = {
				ALWAYS_SEARCH_USER_PATHS = NO;
				ASSETCATALOG_COMPILER_GENERATE_SWIFT_ASSET_SYMBOL_EXTENSIONS = YES;
				CLANG_ANALYZER_NONNULL = YES;
				CLANG_ANALYZER_NUMBER_OBJECT_CONVERSION = YES_AGGRESSIVE;
				CLANG_CXX_LANGUAGE_STANDARD = "gnu++20";
				CLANG_ENABLE_MODULES = YES;
				CLANG_ENABLE_OBJC_ARC = YES;
				CLANG_ENABLE_OBJC_WEAK = YES;
				CLANG_WARN_BLOCK_CAPTURE_AUTORELEASING = YES;
				CLANG_WARN_BOOL_CONVERSION = YES;
				CLANG_WARN_COMMA = YES;
				CLANG_WARN_CONSTANT_CONVERSION = YES;
				CLANG_WARN_DEPRECATED_OBJC_IMPLEMENTATIONS = YES;
				CLANG_WARN_DIRECT_OBJC_ISA_USAGE = YES_ERROR;
				CLANG_WARN_DOCUMENTATION_COMMENTS = YES;
				CLANG_WARN_EMPTY_BODY = YES;
				CLANG_WARN_ENUM_CONVERSION = YES;
				CLANG_WARN_INFINITE_RECURSION = YES;
				CLANG_WARN_INT_CONVERSION = YES;
				CLANG_WARN_NON_LITERAL_NULL_CONVERSION = YES;
				CLANG_WARN_OBJC_IMPLICIT_RETAIN_SELF = YES;
				CLANG_WARN_OBJC_LITERAL_CONVERSION = YES;
				CLANG_WARN_OBJC_ROOT_CLASS = YES_ERROR;
				CLANG_WARN_QUOTED_INCLUDE_IN_FRAMEWORK_HEADER = YES;
				CLANG_WARN_RANGE_LOOP_ANALYSIS = YES;
				CLANG_WARN_STRICT_PROTOTYPES = YES;
				CLANG_WARN_SUSPICIOUS_MOVE = YES;
				CLANG_WARN_UNGUARDED_AVAILABILITY = YES_AGGRESSIVE;
				CLANG_WARN_UNREACHABLE_CODE = YES;
				CLANG_WARN__DUPLICATE_METHOD_MATCH = YES;
				COPY_PHASE_STRIP = NO;
				DEBUG_INFORMATION_FORMAT = "dwarf-with-dsym";
				DEVELOPMENT_TEAM = H6PDBN2THG;
				ENABLE_NS_ASSERTIONS = NO;
				ENABLE_STRICT_OBJC_MSGSEND = YES;
				ENABLE_USER_SCRIPT_SANDBOXING = YES;
				GCC_C_LANGUAGE_STANDARD = gnu17;
				GCC_NO_COMMON_BLOCKS = YES;
				GCC_WARN_64_TO_32_BIT_CONVERSION = YES;
				GCC_WARN_ABOUT_RETURN_TYPE = YES_ERROR;
				GCC_WARN_UNDECLARED_SELECTOR = YES;
				GCC_WARN_UNINITIALIZED_AUTOS = YES_AGGRESSIVE;
				GCC_WARN_UNUSED_FUNCTION = YES;
				GCC_WARN_UNUSED_VARIABLE = YES;
				LOCALIZATION_PREFERS_STRING_CATALOGS = YES;
				MTL_ENABLE_DEBUG_INFO = NO;
				MTL_FAST_MATH = YES;
				SDKROOT = appletvos;
				SWIFT_COMPILATION_MODE = wholemodule;
				TVOS_DEPLOYMENT_TARGET = 27.0;
				VALIDATE_PRODUCT = YES;
			};
			name = Release;
		};
		158195023067306B00A28BEA /* Debug configuration for PBXNativeTarget "kanstrimi" */ = {
			isa = XCBuildConfiguration;
			buildSettings = {
				ASSETCATALOG_COMPILER_APPICON_NAME = "App Icon & Top Shelf Image";
				ASSETCATALOG_COMPILER_GLOBAL_ACCENT_COLOR_NAME = AccentColor;
				CODE_SIGN_STYLE = Automatic;
				CURRENT_PROJECT_VERSION = 1;
				DEVELOPMENT_TEAM = H6PDBN2THG;
				ENABLE_PREVIEWS = YES;
				GENERATE_INFOPLIST_FILE = YES;
				INFOPLIST_KEY_UILaunchScreen_Generation = YES;
				INFOPLIST_KEY_UIUserInterfaceStyle = Automatic;
				LD_RUNPATH_SEARCH_PATHS = (
					"$(inherited)",
					"@executable_path/Frameworks",
				);
				MARKETING_VERSION = 1.0;
				PRODUCT_BUNDLE_IDENTIFIER = dev.crafters.kanstrimi;
				PRODUCT_NAME = "$(TARGET_NAME)";
				STRING_CATALOG_GENERATE_SYMBOLS = YES;
				SWIFT_APPROACHABLE_CONCURRENCY = YES;
				SWIFT_DEFAULT_ACTOR_ISOLATION = MainActor;
				SWIFT_EMIT_LOC_STRINGS = YES;
				SWIFT_UPCOMING_FEATURE_MEMBER_IMPORT_VISIBILITY = YES;
				SWIFT_VERSION = 6.0;
				TARGETED_DEVICE_FAMILY = 3;
			};
			name = Debug;
		};
		158195033067306B00A28BEA /* Release configuration for PBXNativeTarget "kanstrimi" */ = {
			isa = XCBuildConfiguration;
			buildSettings = {
				ASSETCATALOG_COMPILER_APPICON_NAME = "App Icon & Top Shelf Image";
				ASSETCATALOG_COMPILER_GLOBAL_ACCENT_COLOR_NAME = AccentColor;
				CODE_SIGN_STYLE = Automatic;
				CURRENT_PROJECT_VERSION = 1;
				DEVELOPMENT_TEAM = H6PDBN2THG;
				ENABLE_PREVIEWS = YES;
				GENERATE_INFOPLIST_FILE = YES;
				INFOPLIST_KEY_UILaunchScreen_Generation = YES;
				INFOPLIST_KEY_UIUserInterfaceStyle = Automatic;
				LD_RUNPATH_SEARCH_PATHS = (
					"$(inherited)",
					"@executable_path/Frameworks",
				);
				MARKETING_VERSION = 1.0;
				PRODUCT_BUNDLE_IDENTIFIER = dev.crafters.kanstrimi;
				PRODUCT_NAME = "$(TARGET_NAME)";
				STRING_CATALOG_GENERATE_SYMBOLS = YES;
				SWIFT_APPROACHABLE_CONCURRENCY = YES;
				SWIFT_DEFAULT_ACTOR_ISOLATION = MainActor;
				SWIFT_EMIT_LOC_STRINGS = YES;
				SWIFT_UPCOMING_FEATURE_MEMBER_IMPORT_VISIBILITY = YES;
				SWIFT_VERSION = 6.0;
				TARGETED_DEVICE_FAMILY = 3;
			};
			name = Release;
		};
		158195053067306B00A28BEA /* Debug configuration for PBXNativeTarget "kanstrimiTests" */ = {
			isa = XCBuildConfiguration;
			buildSettings = {
				BUNDLE_LOADER = "$(TEST_HOST)";
				CODE_SIGN_STYLE = Automatic;
				CURRENT_PROJECT_VERSION = 1;
				DEVELOPMENT_TEAM = H6PDBN2THG;
				GENERATE_INFOPLIST_FILE = YES;
				MARKETING_VERSION = 1.0;
				PRODUCT_BUNDLE_IDENTIFIER = dev.crafters.kanstrimiTests;
				PRODUCT_NAME = "$(TARGET_NAME)";
				STRING_CATALOG_GENERATE_SYMBOLS = NO;
				SWIFT_APPROACHABLE_CONCURRENCY = YES;
				SWIFT_EMIT_LOC_STRINGS = NO;
				SWIFT_UPCOMING_FEATURE_MEMBER_IMPORT_VISIBILITY = YES;
				SWIFT_VERSION = 6.0;
				TARGETED_DEVICE_FAMILY = 3;
				TEST_HOST = "$(BUILT_PRODUCTS_DIR)/kanstrimi.app/$(BUNDLE_EXECUTABLE_FOLDER_PATH)/kanstrimi";
				TVOS_DEPLOYMENT_TARGET = 27.0;
			};
			name = Debug;
		};
		158195063067306B00A28BEA /* Release configuration for PBXNativeTarget "kanstrimiTests" */ = {
			isa = XCBuildConfiguration;
			buildSettings = {
				BUNDLE_LOADER = "$(TEST_HOST)";
				CODE_SIGN_STYLE = Automatic;
				CURRENT_PROJECT_VERSION = 1;
				DEVELOPMENT_TEAM = H6PDBN2THG;
				GENERATE_INFOPLIST_FILE = YES;
				MARKETING_VERSION = 1.0;
				PRODUCT_BUNDLE_IDENTIFIER = dev.crafters.kanstrimiTests;
				PRODUCT_NAME = "$(TARGET_NAME)";
				STRING_CATALOG_GENERATE_SYMBOLS = NO;
				SWIFT_APPROACHABLE_CONCURRENCY = YES;
				SWIFT_EMIT_LOC_STRINGS = NO;
				SWIFT_UPCOMING_FEATURE_MEMBER_IMPORT_VISIBILITY = YES;
				SWIFT_VERSION = 6.0;
				TARGETED_DEVICE_FAMILY = 3;
				TEST_HOST = "$(BUILT_PRODUCTS_DIR)/kanstrimi.app/$(BUNDLE_EXECUTABLE_FOLDER_PATH)/kanstrimi";
				TVOS_DEPLOYMENT_TARGET = 27.0;
			};
			name = Release;
		};
		158195083067306B00A28BEA /* Debug configuration for PBXNativeTarget "kanstrimiUITests" */ = {
			isa = XCBuildConfiguration;
			buildSettings = {
				CODE_SIGN_STYLE = Automatic;
				CURRENT_PROJECT_VERSION = 1;
				DEVELOPMENT_TEAM = H6PDBN2THG;
				GENERATE_INFOPLIST_FILE = YES;
				MARKETING_VERSION = 1.0;
				PRODUCT_BUNDLE_IDENTIFIER = dev.crafters.kanstrimiUITests;
				PRODUCT_NAME = "$(TARGET_NAME)";
				STRING_CATALOG_GENERATE_SYMBOLS = NO;
				SWIFT_APPROACHABLE_CONCURRENCY = YES;
				SWIFT_EMIT_LOC_STRINGS = NO;
				SWIFT_UPCOMING_FEATURE_MEMBER_IMPORT_VISIBILITY = YES;
				SWIFT_VERSION = 6.0;
				TARGETED_DEVICE_FAMILY = 3;
				TEST_TARGET_NAME = kanstrimi;
			};
			name = Debug;
		};
		158195093067306B00A28BEA /* Release configuration for PBXNativeTarget "kanstrimiUITests" */ = {
			isa = XCBuildConfiguration;
			buildSettings = {
				CODE_SIGN_STYLE = Automatic;
				CURRENT_PROJECT_VERSION = 1;
				DEVELOPMENT_TEAM = H6PDBN2THG;
				GENERATE_INFOPLIST_FILE = YES;
				MARKETING_VERSION = 1.0;
				PRODUCT_BUNDLE_IDENTIFIER = dev.crafters.kanstrimiUITests;
				PRODUCT_NAME = "$(TARGET_NAME)";
				STRING_CATALOG_GENERATE_SYMBOLS = NO;
				SWIFT_APPROACHABLE_CONCURRENCY = YES;
				SWIFT_EMIT_LOC_STRINGS = NO;
				SWIFT_UPCOMING_FEATURE_MEMBER_IMPORT_VISIBILITY = YES;
				SWIFT_VERSION = 6.0;
				TARGETED_DEVICE_FAMILY = 3;
				TEST_TARGET_NAME = kanstrimi;
			};
			name = Release;
		};
/* End XCBuildConfiguration section */

/* Begin XCConfigurationList section */
		158194DD3067306A00A28BEA /* Build configuration list for PBXProject "kanstrimi" */ = {
			isa = XCConfigurationList;
			buildConfigurations = (
				158194FF3067306B00A28BEA /* Debug configuration for PBXProject "kanstrimi" */,
				158195003067306B00A28BEA /* Release configuration for PBXProject "kanstrimi" */,
			);
			defaultConfigurationName = Release;
		};
		158195013067306B00A28BEA /* Build configuration list for PBXNativeTarget "kanstrimi" */ = {
			isa = XCConfigurationList;
			buildConfigurations = (
				158195023067306B00A28BEA /* Debug configuration for PBXNativeTarget "kanstrimi" */,
				158195033067306B00A28BEA /* Release configuration for PBXNativeTarget "kanstrimi" */,
			);
			defaultConfigurationName = Release;
		};
		158195043067306B00A28BEA /* Build configuration list for PBXNativeTarget "kanstrimiTests" */ = {
			isa = XCConfigurationList;
			buildConfigurations = (
				158195053067306B00A28BEA /* Debug configuration for PBXNativeTarget "kanstrimiTests" */,
				158195063067306B00A28BEA /* Release configuration for PBXNativeTarget "kanstrimiTests" */,
			);
			defaultConfigurationName = Release;
		};
		158195073067306B00A28BEA /* Build configuration list for PBXNativeTarget "kanstrimiUITests" */ = {
			isa = XCConfigurationList;
			buildConfigurations = (
				158195083067306B00A28BEA /* Debug configuration for PBXNativeTarget "kanstrimiUITests" */,
				158195093067306B00A28BEA /* Release configuration for PBXNativeTarget "kanstrimiUITests" */,
			);
			defaultConfigurationName = Release;
		};
/* End XCConfigurationList section */
	};
	rootObject = 158194DA3067306A00A28BEA /* Project object */;
	validationLevel = 1;
}
